
Microsoft Visual Studio Solution File, Format Version 12.00
# Visual Studio Version 16
VisualStudioVersion = 16.0.30011.22
MinimumVisualStudioVersion = 10.0.40219.1
Project("{FAE04EC0-301F-11D3-BF4B-00C04F79EFBC}") = "PracticalAssignment", "PracticalAssignment\PracticalAssignment.csproj", "{52127BA2-A62A-4FB7-8A2C-AB8364FEBDA2}"
EndProject
Project("{FAE04EC0-301F-11D3-BF4B-00C04F79EFBC}") = "PracticalAssignment.Tests", "PracticalAssignment.Tests\PracticalAssignment.Tests.csproj", "{F891A0A3-00D2-4D26-BBBA-32E25082D957}"
EndProject
Global
	GlobalSection(SolutionConfigurationPlatforms) = preSolution
		Debug|Any CPU = Debug|Any CPU
		Release|Any CPU = Release|Any CPU
	EndGlobalSection
	GlobalSection(ProjectConfigurationPlatforms) = postSolution
		{52127BA2-A62A-4FB7-8A2C-AB8364FEBDA2}.Debug|Any CPU.ActiveCfg = Debug|Any CPU
		{52127BA2-A62A-4FB7-8A2C-AB8364FEBDA2}.Debug|Any CPU.Build.0 = Debug|Any CPU
		{52127BA2-A62A-4FB7-8A2C-AB8364FEBDA2}.Release|Any CPU.ActiveCfg = Release|Any CPU
		{52127BA2-A62A-4FB7-8A2C-AB8364FEBDA2}.Release|Any CPU.Build.0 = Release|Any CPU
		{F891A0A3-00D2-4D26-BBBA-32E25082D957}.Debug|Any CPU.ActiveCfg = Debug|Any CPU
		{F891A0A3-00D2-4D26-BBBA-32E25082D957}.Debug|Any CPU.Build.0 = Debug|Any CPU
		{F891A0A3-00D2-4D26-BBBA-32E25082D957}.Release|Any CPU.ActiveCfg = Release|Any CPU
		{F891A0A3-00D2-4D26-BBBA-32E25082D957}.Release|Any CPU.Build.0 = Release|Any CPU
	EndGlobalSection
	GlobalSection(SolutionProperties) = preSolution
		HideSolutionNode = FALSE
	EndGlobalSection
	GlobalSection(ExtensibilityGlobals) = postSolution
		SolutionGuid = {9E35D242-D994-49C2-B4CA-0975B86829B7}
	EndGlobalSection
EndGlobal
